{
  "name": "tambouille",
  "requires": true,
  "lockfileVersion": 1,
  "dependencies": {
    "acorn-jsx": {
      "version": "3.0.1",
      "resolved": "https://registry.npmjs.org/acorn-jsx/-/acorn-jsx-3.0.1.tgz",
      "integrity": "sha1-r9+UiPsezvyDSPb7IvRk4ypYs2s=",
      "dev": true,
      "dependencies": {
        "acorn": {
          "version": "3.3.0",
          "resolved": "https://registry.npmjs.org/acorn/-/acorn-3.3.0.tgz",
          "integrity": "sha1-ReN/s56No/JbruP/U2niu18iAXo="
        }
      }
    },
    "argparse": {
      "version": "1.0.9",
      "resolved": "https://registry.npmjs.org/argparse/-/argparse-1.0.9.tgz",
      "integrity": "sha1-c9g7wmP4bpf4zE9rrhsOkKfSLIY=",
      "dev": true
    },
    "autoprefixer": {
      "version": "7.1.1",
      "resolved": "https://registry.npmjs.org/autoprefixer/-/autoprefixer-7.1.1.tgz",
      "integrity": "sha1-l7yFTH0Ll5+NZIneVHoNF/swf20=",
      "dev": true
    },
    "babel-code-frame": {
      "version": "6.22.0",
      "resolved": "https://registry.npmjs.org/babel-code-frame/-/babel-code-frame-6.22.0.tgz",
      "integrity": "sha1-AnYgvuVnqIwyVhV05/0IAdMxGOQ=",
      "dev": true
    },
    "babel-core": {
      "version": "6.25.0",
      "resolved": "https://registry.npmjs.org/babel-core/-/babel-core-6.25.0.tgz",
      "integrity": "sha1-fdQrBGPHQunVKW3rPsZ6kyLa1yk=",
      "dev": true
    },
    "babel-eslint": {
      "version": "7.2.3",
      "resolved": "https://registry.npmjs.org/babel-eslint/-/babel-eslint-7.2.3.tgz",
      "integrity": "sha1-sv4tgBJkcPXBlELcdXJTqJdxCCc=",
      "dev": true
    },
    "babel-loader": {
      "version": "7.0.0",
      "resolved": "https://registry.npmjs.org/babel-loader/-/babel-loader-7.0.0.tgz",
      "integrity": "sha1-LkOma+4f/0RwUz0EAsikUy+vuvc=",
      "dev": true
    },
    "babel-polyfill": {
      "version": "6.23.0",
      "resolved": "https://registry.npmjs.org/babel-polyfill/-/babel-polyfill-6.23.0.tgz",
      "integrity": "sha1-g2TKYt+Or7gwSZ9pkXdGbDsDSZ0=",
      "dev": true,
      "dependencies": {
        "core-js": {
          "version": "2.4.1",
          "resolved": "https://registry.npmjs.org/core-js/-/core-js-2.4.1.tgz",
          "integrity": "sha1-TekR5mew6ukSTjQlS1OupvxhjT4="
        }
      }
    },
    "babel-preset-es2015": {
      "version": "6.24.1",
      "resolved": "https://registry.npmjs.org/babel-preset-es2015/-/babel-preset-es2015-6.24.1.tgz",
      "integrity": "sha1-1EBQ1rwsn+6nAqrzjXJ6AhBTiTk=",
      "dev": true
    },
    "babel-preset-react": {
      "version": "6.24.1",
      "resolved": "https://registry.npmjs.org/babel-preset-react/-/babel-preset-react-6.24.1.tgz",
      "integrity": "sha1-umnfrqRfw+xjm2pOzqbhdwLJE4A=",
      "dev": true
    },
    "babel-preset-stage-2": {
      "version": "6.24.1",
      "resolved": "https://registry.npmjs.org/babel-preset-stage-2/-/babel-preset-stage-2-6.24.1.tgz",
      "integrity": "sha1-2eKWD7PXEYfw5k7sYrwHdnIZvcE=",
      "dev": true
    },
    "chardet": {
      "version": "0.4.2",
      "resolved": "https://registry.npmjs.org/chardet/-/chardet-0.4.2.tgz",
      "integrity": "sha1-tUc7M9yXxCTl2Y3IfVXU2KKci/I=",
      "dev": true
    },
    "cli-width": {
      "version": "2.1.0",
      "resolved": "https://registry.npmjs.org/cli-width/-/cli-width-2.1.0.tgz",
      "integrity": "sha1-sjTKIJsp72b8UY2bmNWEewDt8Ao=",
      "dev": true
    },
    "co": {
      "version": "4.6.0",
      "resolved": "https://registry.npmjs.org/co/-/co-4.6.0.tgz",
      "integrity": "sha1-bqa989hTrlTMuOR7+gvz+QMfsYQ=",
      "dev": true
    },
    "color-convert": {
      "version": "1.9.0",
      "resolved": "https://registry.npmjs.org/color-convert/-/color-convert-1.9.0.tgz",
      "integrity": "sha1-Gsz5fdc5uYO/mU1W/sj5WFNkG3o=",
      "dev": true
    },
    "concat-stream": {
      "version": "1.6.0",
      "resolved": "https://registry.npmjs.org/concat-stream/-/concat-stream-1.6.0.tgz",
      "integrity": "sha1-CqxmL9Ur54lk1VMvaUeE5wEQrPc=",
      "dev": true,
      "dependencies": {
        "isarray": {
          "version": "1.0.0",
          "resolved": "https://registry.npmjs.org/isarray/-/isarray-1.0.0.tgz",
          "integrity": "sha1-u5NdSFgsuhaMBoNJV6VKPgcSTxE="
        },
        "readable-stream": {
          "version": "2.2.11",
          "resolved": "https://registry.npmjs.org/readable-stream/-/readable-stream-2.2.11.tgz",
          "integrity": "sha512-h+8+r3MKEhkiVrwdKL8aWs1oc1VvBu33ueshOvS26RsZQ3Amhx/oO3TKe4lApSV9ueY6as8EAh7mtuFjdlhg9Q=="
        },
        "string_decoder": {
          "version": "1.0.2",
          "resolved": "https://registry.npmjs.org/string_decoder/-/string_decoder-1.0.2.tgz",
          "integrity": "sha1-sp4fThEl+pehA4K4pTNze3SR4Xk="
        }
      }
    },
    "copyfiles": {
      "version": "1.2.0",
      "resolved": "https://registry.npmjs.org/copyfiles/-/copyfiles-1.2.0.tgz",
      "integrity": "sha1-qNo6xBqiIgrim9PFi2mEKU8sWTw=",
      "dev": true
    },
    "cross-env": {
      "version": "5.0.1",
      "resolved": "https://registry.npmjs.org/cross-env/-/cross-env-5.0.1.tgz",
      "integrity": "sha1-/05y6kO0faJIa0On8gQ7JgnkSRM=",
      "dev": true
    },
    "cross-spawn": {
      "version": "5.1.0",
      "resolved": "https://registry.npmjs.org/cross-spawn/-/cross-spawn-5.1.0.tgz",
      "integrity": "sha1-6L0O/uWPz/b4+UUQoKVUu/ojVEk=",
      "dev": true
    },
    "css-loader": {
      "version": "0.28.4",
      "resolved": "https://registry.npmjs.org/css-loader/-/css-loader-0.28.4.tgz",
      "integrity": "sha1-bPNXkZLONV6LONX0Ldeh8uyJjQ8=",
      "dev": true,
      "dependencies": {
        "postcss": {
          "version": "5.2.17",
          "resolved": "https://registry.npmjs.org/postcss/-/postcss-5.2.17.tgz",
          "integrity": "sha1-z09Ze4ZNZcikkrLqvp1wbIecOIs="
        }
      }
    },
    "escape-string-regexp": {
      "version": "1.0.5",
      "resolved": "https://registry.npmjs.org/escape-string-regexp/-/escape-string-regexp-1.0.5.tgz",
      "integrity": "sha1-G2HAViGQqN/2rjuyzwIAyhMLhtQ=",
      "dev": true
    },
    "eslint": {
      "version": "4.18.2",
      "resolved": "https://registry.npmjs.org/eslint/-/eslint-4.18.2.tgz",
      "integrity": "sha512-qy4i3wODqKMYfz9LUI8N2qYDkHkoieTbiHpMrYUI/WbjhXJQr7lI4VngixTgaG+yHX+NBCv7nW4hA0ShbvaNKw==",
      "dev": true,
      "requires": {
        "ajv": "^5.3.0",
        "babel-code-frame": "^6.22.0",
        "chalk": "^2.1.0",
        "concat-stream": "^1.6.0",
        "cross-spawn": "^5.1.0",
        "debug": "^3.1.0",
        "doctrine": "^2.1.0",
        "eslint-scope": "^3.7.1",
        "eslint-visitor-keys": "^1.0.0",
        "espree": "^3.5.2",
        "esquery": "^1.0.0",
        "esutils": "^2.0.2",
        "file-entry-cache": "^2.0.0",
        "functional-red-black-tree": "^1.0.1",
        "glob": "^7.1.2",
        "globals": "^11.0.1",
        "ignore": "^3.3.3",
        "imurmurhash": "^0.1.4",
        "inquirer": "^3.0.6",
        "is-resolvable": "^1.0.0",
        "js-yaml": "^3.9.1",
        "json-stable-stringify-without-jsonify": "^1.0.1",
        "levn": "^0.3.0",
        "lodash": "^4.17.4",
        "minimatch": "^3.0.2",
        "mkdirp": "^0.5.1",
        "natural-compare": "^1.4.0",
        "optionator": "^0.8.2",
        "path-is-inside": "^1.0.2",
        "pluralize": "^7.0.0",
        "progress": "^2.0.0",
        "require-uncached": "^1.0.3",
        "semver": "^5.3.0",
        "strip-ansi": "^4.0.0",
        "strip-json-comments": "~2.0.1",
        "table": "4.0.2",
        "text-table": "~0.2.0"
      },
      "dependencies": {
        "acorn": {
          "version": "5.7.4",
          "resolved": "https://registry.npmjs.org/acorn/-/acorn-5.7.4.tgz",
          "integrity": "sha512-1D++VG7BhrtvQpNbBzovKNc1FLGGEE/oGe7b9xJm/RFHMBeUaUGpluV9RLjZa47YFdPcDAenEYuq9pQPcMdLJg==",
          "dev": true
        },
        "ajv": {
          "version": "5.5.2",
          "resolved": "https://registry.npmjs.org/ajv/-/ajv-5.5.2.tgz",
          "integrity": "sha1-c7Xuyj+rZT49P5Qis0GtQiBdyWU=",
          "dev": true,
          "requires": {
            "co": "^4.6.0",
            "fast-deep-equal": "^1.0.0",
            "fast-json-stable-stringify": "^2.0.0",
            "json-schema-traverse": "^0.3.0"
          }
        },
        "ajv-keywords": {
          "version": "2.1.1",
          "resolved": "https://registry.npmjs.org/ajv-keywords/-/ajv-keywords-2.1.1.tgz",
          "integrity": "sha1-YXmX/F9gV2iUxDX5QNgZ4TW4B2I=",
          "dev": true
        },
        "ansi-escapes": {
          "version": "3.2.0",
          "resolved": "https://registry.npmjs.org/ansi-escapes/-/ansi-escapes-3.2.0.tgz",
          "integrity": "sha512-cBhpre4ma+U0T1oM5fXg7Dy1Jw7zzwv7lt/GoCpr+hDQJoYnKVPLL4dCvSEFMmQurOQvSrwT7SL/DAlhBI97RQ==",
          "dev": true
        },
        "ansi-regex": {
          "version": "3.0.0",
          "resolved": "https://registry.npmjs.org/ansi-regex/-/ansi-regex-3.0.0.tgz",
          "integrity": "sha1-7QMXwyIGT3lGbAKWa922Bas32Zg=",
          "dev": true
        },
        "ansi-styles": {
          "version": "3.2.1",
          "resolved": "https://registry.npmjs.org/ansi-styles/-/ansi-styles-3.2.1.tgz",
          "integrity": "sha512-VT0ZI6kZRdTh8YyJw3SMbYm/u+NqfsAxEpWO0Pf9sq8/e94WxxOpPKx9FR1FlyCtOVDNOQ+8ntlqFxiRc+r5qA==",
          "dev": true,
          "requires": {
            "color-convert": "^1.9.0"
          }
        },
        "chalk": {
          "version": "2.4.2",
          "resolved": "https://registry.npmjs.org/chalk/-/chalk-2.4.2.tgz",
          "integrity": "sha512-Mti+f9lpJNcwF4tWV8/OrTTtF1gZi+f8FqlyAdouralcFWFQWF2+NgCHShjkCb+IFBLq9buZwE1xckQU4peSuQ==",
          "dev": true,
          "requires": {
            "ansi-styles": "^3.2.1",
            "escape-string-regexp": "^1.0.5",
            "supports-color": "^5.3.0"
          }
        },
        "cli-cursor": {
          "version": "2.1.0",
          "resolved": "https://registry.npmjs.org/cli-cursor/-/cli-cursor-2.1.0.tgz",
          "integrity": "sha1-s12sN2R5+sw+lHR9QdDQ9SOP/LU=",
          "dev": true,
          "requires": {
            "restore-cursor": "^2.0.0"
          }
        },
        "debug": {
          "version": "3.2.6",
          "resolved": "https://registry.npmjs.org/debug/-/debug-3.2.6.tgz",
          "integrity": "sha512-mel+jf7nrtEl5Pn1Qx46zARXKDpBbvzezse7p7LqINmdoIk8PYP5SySaxEmYv6TZ0JyEKA1hsCId6DIhgITtWQ==",
          "dev": true,
          "requires": {
            "ms": "^2.1.1"
          }
        },
        "doctrine": {
          "version": "2.1.0",
          "resolved": "https://registry.npmjs.org/doctrine/-/doctrine-2.1.0.tgz",
          "integrity": "sha512-35mSku4ZXK0vfCuHEDAwt55dg2jNajHZ1odvF+8SSr82EsZY4QmXfuWso8oEd8zRhVObSN18aM0CjSdoBX7zIw==",
          "dev": true,
          "requires": {
            "esutils": "^2.0.2"
          }
        },
        "espree": {
          "version": "3.5.4",
          "resolved": "https://registry.npmjs.org/espree/-/espree-3.5.4.tgz",
          "integrity": "sha512-yAcIQxtmMiB/jL32dzEp2enBeidsB7xWPLNiw3IIkpVds1P+h7qF9YwJq1yUNzp2OKXgAprs4F61ih66UsoD1A==",
          "dev": true,
          "requires": {
            "acorn": "^5.5.0",
            "acorn-jsx": "^3.0.0"
          }
        },
        "esprima": {
          "version": "4.0.1",
          "resolved": "https://registry.npmjs.org/esprima/-/esprima-4.0.1.tgz",
          "integrity": "sha512-eGuFFw7Upda+g4p+QHvnW0RyTX/SVeJBDM/gCtMARO0cLuT2HcEKnTPvhjV6aGeqrCB/sbNop0Kszm0jsaWU4A==",
          "dev": true
        },
        "figures": {
          "version": "2.0.0",
          "resolved": "https://registry.npmjs.org/figures/-/figures-2.0.0.tgz",
          "integrity": "sha1-OrGi0qYsi/tDGgyUy3l6L84nyWI=",
          "dev": true,
          "requires": {
            "escape-string-regexp": "^1.0.5"
          }
        },
        "globals": {
          "version": "11.12.0",
          "resolved": "https://registry.npmjs.org/globals/-/globals-11.12.0.tgz",
          "integrity": "sha512-WOBp/EEGUiIsJSp7wcv/y6MO+lV9UoncWqxuFfm8eBwzWNgyfBd6Gz+IeKQ9jCmyhoH99g15M3T+QaVHFjizVA==",
          "dev": true
        },
        "has-flag": {
          "version": "3.0.0",
          "resolved": "https://registry.npmjs.org/has-flag/-/has-flag-3.0.0.tgz",
          "integrity": "sha1-tdRU3CGZriJWmfNGfloH87lVuv0=",
          "dev": true
        },
        "inquirer": {
          "version": "3.3.0",
          "resolved": "https://registry.npmjs.org/inquirer/-/inquirer-3.3.0.tgz",
          "integrity": "sha512-h+xtnyk4EwKvFWHrUYsWErEVR+igKtLdchu+o0Z1RL7VU/jVMFbYir2bp6bAj8efFNxWqHX0dIss6fJQ+/+qeQ==",
          "dev": true,
          "requires": {
            "ansi-escapes": "^3.0.0",
            "chalk": "^2.0.0",
            "cli-cursor": "^2.1.0",
            "cli-width": "^2.0.0",
            "external-editor": "^2.0.4",
            "figures": "^2.0.0",
            "lodash": "^4.3.0",
            "mute-stream": "0.0.7",
            "run-async": "^2.2.0",
            "rx-lite": "^4.0.8",
            "rx-lite-aggregates": "^4.0.8",
            "string-width": "^2.1.0",
            "strip-ansi": "^4.0.0",
            "through": "^2.3.6"
          }
        },
        "is-fullwidth-code-point": {
          "version": "2.0.0",
          "resolved": "https://registry.npmjs.org/is-fullwidth-code-point/-/is-fullwidth-code-point-2.0.0.tgz",
          "integrity": "sha1-o7MKXE8ZkYMWeqq5O+764937ZU8=",
          "dev": true
        },
        "js-yaml": {
          "version": "3.14.0",
          "resolved": "https://registry.npmjs.org/js-yaml/-/js-yaml-3.14.0.tgz",
          "integrity": "sha512-/4IbIeHcD9VMHFqDR/gQ7EdZdLimOvW2DdcxFjdyyZ9NsbS+ccrXqVWDtab/lRl5AlUqmpBx8EhPaWR+OtY17A==",
          "dev": true,
          "requires": {
            "argparse": "^1.0.7",
            "esprima": "^4.0.0"
          }
        },
        "ms": {
          "version": "2.1.2",
          "resolved": "https://registry.npmjs.org/ms/-/ms-2.1.2.tgz",
          "integrity": "sha512-sGkPx+VjMtmA6MX27oA4FBFELFCZZ4S4XqeGOXCv68tT+jb3vk/RyaKWP0PTKyWtmLSM0b+adUTEvbs1PEaH2w==",
          "dev": true
        },
        "mute-stream": {
          "version": "0.0.7",
          "resolved": "https://registry.npmjs.org/mute-stream/-/mute-stream-0.0.7.tgz",
          "integrity": "sha1-MHXOk7whuPq0PhvE2n6BFe0ee6s=",
          "dev": true
        },
        "onetime": {
          "version": "2.0.1",
          "resolved": "https://registry.npmjs.org/onetime/-/onetime-2.0.1.tgz",
          "integrity": "sha1-BnQoIw/WdEOyeUsiu6UotoZ5YtQ=",
          "dev": true,
          "requires": {
            "mimic-fn": "^1.0.0"
          }
        },
        "pluralize": {
          "version": "7.0.0",
          "resolved": "https://registry.npmjs.org/pluralize/-/pluralize-7.0.0.tgz",
          "integrity": "sha512-ARhBOdzS3e41FbkW/XWrTEtukqqLoK5+Z/4UeDaLuSW+39JPeFgs4gCGqsrJHVZX0fUrx//4OF0K1CUGwlIFow==",
          "dev": true
        },
        "progress": {
          "version": "2.0.3",
          "resolved": "https://registry.npmjs.org/progress/-/progress-2.0.3.tgz",
          "integrity": "sha512-7PiHtLll5LdnKIMw100I+8xJXR5gW2QwWYkT6iJva0bXitZKa/XMrSbdmg3r2Xnaidz9Qumd0VPaMrZlF9V9sA==",
          "dev": true
        },
        "restore-cursor": {
          "version": "2.0.0",
          "resolved": "https://registry.npmjs.org/restore-cursor/-/restore-cursor-2.0.0.tgz",
          "integrity": "sha1-n37ih/gv0ybU/RYpI9YhKe7g368=",
          "dev": true,
          "requires": {
            "onetime": "^2.0.0",
            "signal-exit": "^3.0.2"
          }
        },
        "run-async": {
          "version": "2.4.1",
          "resolved": "https://registry.npmjs.org/run-async/-/run-async-2.4.1.tgz",
          "integrity": "sha512-tvVnVv01b8c1RrA6Ep7JkStj85Guv/YrMcwqYQnwjsAS2cTmmPGBBjAjpCW7RrSodNSoE2/qg9O4bceNvUuDgQ==",
          "dev": true
        },
        "rx-lite": {
          "version": "4.0.8",
          "resolved": "https://registry.npmjs.org/rx-lite/-/rx-lite-4.0.8.tgz",
          "integrity": "sha1-Cx4Rr4vESDbwSmQH6S2kJGe3lEQ=",
          "dev": true
        },
        "slice-ansi": {
          "version": "1.0.0",
          "resolved": "https://registry.npmjs.org/slice-ansi/-/slice-ansi-1.0.0.tgz",
          "integrity": "sha512-POqxBK6Lb3q6s047D/XsDVNPnF9Dl8JSaqe9h9lURl0OdNqy/ujDrOiIHtsqXMGbWWTIomRzAMaTyawAU//Reg==",
          "dev": true,
          "requires": {
            "is-fullwidth-code-point": "^2.0.0"
          }
        },
        "string-width": {
          "version": "2.1.1",
          "resolved": "https://registry.npmjs.org/string-width/-/string-width-2.1.1.tgz",
          "integrity": "sha512-nOqH59deCq9SRHlxq1Aw85Jnt4w6KvLKqWVik6oA9ZklXLNIOlqg4F2yrT1MVaTjAqvVwdfeZ7w7aCvJD7ugkw==",
          "dev": true,
          "requires": {
            "is-fullwidth-code-point": "^2.0.0",
            "strip-ansi": "^4.0.0"
          }
        },
        "strip-ansi": {
          "version": "4.0.0",
          "resolved": "https://registry.npmjs.org/strip-ansi/-/strip-ansi-4.0.0.tgz",
          "integrity": "sha1-qEeQIusaw2iocTibY1JixQXuNo8=",
          "dev": true,
          "requires": {
            "ansi-regex": "^3.0.0"
          }
        },
        "supports-color": {
          "version": "5.5.0",
          "resolved": "https://registry.npmjs.org/supports-color/-/supports-color-5.5.0.tgz",
          "integrity": "sha512-QjVjwdXIt408MIiAqCX4oUKsgU2EqAGzs2Ppkm4aQYbjm+ZEWEcW4SfFNTr4uMNZma0ey4f5lgLrkB0aX0QMow==",
          "dev": true,
          "requires": {
            "has-flag": "^3.0.0"
          }
        },
        "table": {
          "version": "4.0.2",
          "resolved": "https://registry.npmjs.org/table/-/table-4.0.2.tgz",
          "integrity": "sha512-UUkEAPdSGxtRpiV9ozJ5cMTtYiqz7Ni1OGqLXRCynrvzdtR1p+cfOWe2RJLwvUG8hNanaSRjecIqwOjqeatDsA==",
          "dev": true,
          "requires": {
            "ajv": "^5.2.3",
            "ajv-keywords": "^2.1.0",
            "chalk": "^2.1.0",
            "lodash": "^4.17.4",
            "slice-ansi": "1.0.0",
            "string-width": "^2.1.1"
          }
        }
      }
    },
    "eslint-config-airbnb": {
      "version": "15.0.1",
      "resolved": "https://registry.npmjs.org/eslint-config-airbnb/-/eslint-config-airbnb-15.0.1.tgz",
      "integrity": "sha1-e1GI5bfHS5ss5jn9Xh2rqP12Gu0=",
      "dev": true
    },
    "eslint-plugin-import": {
      "version": "2.3.0",
      "resolved": "https://registry.npmjs.org/eslint-plugin-import/-/eslint-plugin-import-2.3.0.tgz",
      "integrity": "sha1-N8gB4K2g4pbL3yDD85OstbUq82s=",
      "dev": true,
      "dependencies": {
        "doctrine": {
          "version": "1.5.0",
          "resolved": "https://registry.npmjs.org/doctrine/-/doctrine-1.5.0.tgz",
          "integrity": "sha1-N53Ocw9hZvds76TmcHoVmwLFpvo="
        },
        "isarray": {
          "version": "1.0.0",
          "resolved": "https://registry.npmjs.org/isarray/-/isarray-1.0.0.tgz",
          "integrity": "sha1-u5NdSFgsuhaMBoNJV6VKPgcSTxE="
        }
      }
    },
    "eslint-plugin-jsx-a11y": {
      "version": "5.0.3",
      "resolved": "https://registry.npmjs.org/eslint-plugin-jsx-a11y/-/eslint-plugin-jsx-a11y-5.0.3.tgz",
      "integrity": "sha1-SpOfduwSUBBSiCMzG/lIzFczgLY=",
      "dev": true
    },
    "eslint-plugin-react": {
      "version": "7.0.1",
      "resolved": "https://registry.npmjs.org/eslint-plugin-react/-/eslint-plugin-react-7.0.1.tgz",
      "integrity": "sha1-54EH4eVZxuKxd4a7Z8LioBCtDS8=",
      "dev": true
    },
    "eslint-scope": {
      "version": "3.7.3",
      "resolved": "https://registry.npmjs.org/eslint-scope/-/eslint-scope-3.7.3.tgz",
      "integrity": "sha512-W+B0SvF4gamyCTmUc+uITPY0989iXVfKvhwtmJocTaYoc/3khEHmEmvfY/Gn9HA9VV75jrQECsHizkNw1b68FA==",
      "dev": true,
      "requires": {
        "esrecurse": "^4.1.0",
        "estraverse": "^4.1.1"
      }
    },
    "eslint-visitor-keys": {
      "version": "1.3.0",
      "resolved": "https://registry.npmjs.org/eslint-visitor-keys/-/eslint-visitor-keys-1.3.0.tgz",
      "integrity": "sha512-6J72N8UNa462wa/KFODt/PJ3IU60SDpC3QXC1Hjc1BXXpfL2C9R5+AU7jhe0F6GREqVMh4Juu+NY7xn+6dipUQ==",
      "dev": true
    },
    "esquery": {
      "version": "1.0.0",
      "resolved": "https://registry.npmjs.org/esquery/-/esquery-1.0.0.tgz",
      "integrity": "sha1-z7qLV9f7qT8XKYqKAGoEzaE9gPo=",
      "dev": true
    },
    "esrecurse": {
      "version": "4.1.0",
      "resolved": "https://registry.npmjs.org/esrecurse/-/esrecurse-4.1.0.tgz",
      "integrity": "sha1-RxO2U2rffyrE8yfVWed1a/9kgiA=",
      "dev": true,
      "dependencies": {
        "estraverse": {
          "version": "4.1.1",
          "resolved": "https://registry.npmjs.org/estraverse/-/estraverse-4.1.1.tgz",
          "integrity": "sha1-9srKcokzqFDvkGYdDheYK6RxEaI="
        }
      }
    },
    "estraverse": {
      "version": "4.2.0",
      "resolved": "https://registry.npmjs.org/estraverse/-/estraverse-4.2.0.tgz",
      "integrity": "sha1-De4/7TH81GlhjOc0IJn8GvoL2xM=",
      "dev": true
    },
    "esutils": {
      "version": "2.0.2",
      "resolved": "https://registry.npmjs.org/esutils/-/esutils-2.0.2.tgz",
      "integrity": "sha1-Cr9PHKpbyx96nYrMbepPqqBLrJs=",
      "dev": true
    },
    "external-editor": {
      "version": "2.2.0",
      "resolved": "https://registry.npmjs.org/external-editor/-/external-editor-2.2.0.tgz",
      "integrity": "sha512-bSn6gvGxKt+b7+6TKEv1ZycHleA7aHhRHyAqJyp5pbUFuYYNIzpZnQDk7AsYckyWdEnTeAnay0aCy2aV6iTk9A==",
      "dev": true,
      "requires": {
        "chardet": "^0.4.0",
        "iconv-lite": "^0.4.17",
        "tmp": "^0.0.33"
      }
    },
    "extract-text-webpack-plugin": {
      "version": "2.1.2",
      "resolved": "https://registry.npmjs.org/extract-text-webpack-plugin/-/extract-text-webpack-plugin-2.1.2.tgz",
      "integrity": "sha1-dW7076gVXDaBgz+8NNpTuUF0bWw=",
      "dev": true
    },
    "fast-deep-equal": {
      "version": "1.1.0",
      "resolved": "https://registry.npmjs.org/fast-deep-equal/-/fast-deep-equal-1.1.0.tgz",
      "integrity": "sha1-wFNHeBfIa1HaqFPIHgWbcz0CNhQ=",
      "dev": true
    },
    "fast-json-stable-stringify": {
      "version": "2.1.0",
      "resolved": "https://registry.npmjs.org/fast-json-stable-stringify/-/fast-json-stable-stringify-2.1.0.tgz",
      "integrity": "sha512-lhd/wF+Lk98HZoTCtlVraHtfh5XYijIjalXck7saUtuanSDyLMxnHhSXEDJqHxD7msR8D0uCmqlkwjCV8xvwHw==",
      "dev": true
    },
    "file-entry-cache": {
      "version": "2.0.0",
      "resolved": "https://registry.npmjs.org/file-entry-cache/-/file-entry-cache-2.0.0.tgz",
      "integrity": "sha1-w5KZDD5oR4PYOLjISkXYoEhFg2E=",
      "dev": true
    },
    "file-loader": {
      "version": "0.11.2",
      "resolved": "https://registry.npmjs.org/file-loader/-/file-loader-0.11.2.tgz",
      "integrity": "sha512-N+uhF3mswIFeziHQjGScJ/yHXYt3DiLBeC+9vWW+WjUBiClMSOlV1YrXQi+7KM2aA3Rn4Bybgv+uXFQbfkzpvg==",
      "dev": true
    },
    "firebase": {
      "version": "4.1.2",
      "resolved": "https://registry.npmjs.org/firebase/-/firebase-4.1.2.tgz",
      "integrity": "sha1-shOrIp62XjG9vR0mIFmxux7frB8=",
      "dependencies": {
        "base64url": {
          "version": "https://registry.npmjs.org/base64url/-/base64url-2.0.0.tgz",
          "integrity": "sha1-6sFuA+oUOO/5Qj1puqNiYu0fcLs="
        },
        "buffer-equal-constant-time": {
          "version": "https://registry.npmjs.org/buffer-equal-constant-time/-/buffer-equal-constant-time-1.0.1.tgz",
          "integrity": "sha1-+OcRMvf/5uAaXJaXpMbz5I1cyBk="
        },
        "dom-storage": {
          "version": "https://registry.npmjs.org/dom-storage/-/dom-storage-2.0.2.tgz",
          "integrity": "sha1-7RfL9oq9EOCu+BgnE+KXxeS1ALA="
        },
        "ecdsa-sig-formatter": {
          "version": "https://registry.npmjs.org/ecdsa-sig-formatter/-/ecdsa-sig-formatter-1.0.9.tgz",
          "integrity": "sha1-S8kmJ07Dtau1AW5+HWCSGsJisqE="
        },
        "faye-websocket": {
          "version": "https://registry.npmjs.org/faye-websocket/-/faye-websocket-0.9.3.tgz",
          "integrity": "sha1-SCpQWw3wrmJrlphm0710DNuWLoM="
        },
        "hoek": {
          "version": "https://registry.npmjs.org/hoek/-/hoek-2.16.3.tgz",
          "integrity": "sha1-ILt0A9POo5jpHcRxCo/xuCdKJe0="
        },
        "isemail": {
          "version": "https://registry.npmjs.org/isemail/-/isemail-1.2.0.tgz",
          "integrity": "sha1-vgPfjMPineTSxd9lASY/H6RZXpo="
        },
        "joi": {
          "version": "https://registry.npmjs.org/joi/-/joi-6.10.1.tgz",
          "integrity": "sha1-TVDDGAeRIgAP5fFq8f+OGRe3fgY="
        },
        "jsonwebtoken": {
          "version": "https://registry.npmjs.org/jsonwebtoken/-/jsonwebtoken-7.4.1.tgz",
          "integrity": "sha1-fKMk9SFfi+A5zTWmxFu4y3SkSPs="
        },
        "jwa": {
          "version": "https://registry.npmjs.org/jwa/-/jwa-1.1.5.tgz",
          "integrity": "sha1-oFUs4CIHQs1S4VN3SjKQXDDnVuU="
        },
        "jws": {
          "version": "https://registry.npmjs.org/jws/-/jws-3.1.4.tgz",
          "integrity": "sha1-+ei5M46KhHJ31kRLFGT2GIDgUKI="
        },
        "lodash.once": {
          "version": "https://registry.npmjs.org/lodash.once/-/lodash.once-4.1.1.tgz",
          "integrity": "sha1-DdOXEhPHxW34gJd9UEyI+0cal6w="
        },
        "moment": {
          "version": "https://registry.npmjs.org/moment/-/moment-2.18.1.tgz",
          "integrity": "sha1-w2GT3Tzhwu7SrbfIAtu8d6gbHA8="
        },
        "ms": {
          "version": "https://registry.npmjs.org/ms/-/ms-2.0.0.tgz",
          "integrity": "sha1-VgiurfwAvmwpAd9fmGF4jeDVl8g="
        },
        "promise-polyfill": {
          "version": "https://registry.npmjs.org/promise-polyfill/-/promise-polyfill-6.0.2.tgz",
          "integrity": "sha1-2chtPcTcLfkBboiUbe/Wm0m0EWI="
        },
        "safe-buffer": {
          "version": "https://registry.npmjs.org/safe-buffer/-/safe-buffer-5.1.0.tgz",
          "integrity": "sha1-/kyEYDl/nqqqWOc75GJzQIpF4iM="
        },
        "topo": {
          "version": "https://registry.npmjs.org/topo/-/topo-1.1.0.tgz",
          "integrity": "sha1-6ddRYV0buH3IZdsYL6HKCl71NtU="
        },
        "websocket-driver": {
          "version": "https://registry.npmjs.org/websocket-driver/-/websocket-driver-0.6.5.tgz",
          "integrity": "sha1-XLJVbOuF9Dc8bYI4qmkchFThOjY="
        },
        "websocket-extensions": {
          "version": "https://registry.npmjs.org/websocket-extensions/-/websocket-extensions-0.1.1.tgz",
          "integrity": "sha1-domUmcGEtu91Q3fC27DNbLVdKec="
        },
        "xmlhttprequest": {
          "version": "https://registry.npmjs.org/xmlhttprequest/-/xmlhttprequest-1.8.0.tgz",
          "integrity": "sha1-Z/4HXFwk/vOfnWX197f+dRcZaPw="
        },
        "xtend": {
          "version": "https://registry.npmjs.org/xtend/-/xtend-4.0.1.tgz",
          "integrity": "sha1-pcbVMr5lbiPbgg77lDofBJmNY68="
        }
      }
    },
    "functional-red-black-tree": {
      "version": "1.0.1",
      "resolved": "https://registry.npmjs.org/functional-red-black-tree/-/functional-red-black-tree-1.0.1.tgz",
      "integrity": "sha1-GwqzvVU7Kg1jmdKcDj6gslIHgyc=",
      "dev": true
    },
    "glob": {
      "version": "7.1.2",
      "resolved": "https://registry.npmjs.org/glob/-/glob-7.1.2.tgz",
      "integrity": "sha512-MJTUg1kjuLeQCJ+ccE4Vpa6kKVXkPYJ2mOCQyUuKLcLQsdrMCpBPUi8qVE6+YuaJkozeA9NusTAw3hLr8Xe5EQ==",
      "dev": true
    },
    "html-webpack-plugin": {
      "version": "2.28.0",
      "resolved": "https://registry.npmjs.org/html-webpack-plugin/-/html-webpack-plugin-2.28.0.tgz",
      "integrity": "sha1-LnhjtX5f1I/iYzA+L/yTTDBk0Ak=",
      "dev": true,
      "dependencies": {
        "loader-utils": {
          "version": "0.2.17",
          "resolved": "https://registry.npmjs.org/loader-utils/-/loader-utils-0.2.17.tgz",
          "integrity": "sha1-+G5jdNQyBabmxg6RlvF8Apm/s0g="
        }
      }
    },
    "iconv-lite": {
      "version": "0.4.17",
      "resolved": "https://registry.npmjs.org/iconv-lite/-/iconv-lite-0.4.17.tgz",
      "integrity": "sha1-T9qjs4rLwsAxsEXQ7c3+HsqxjI0=",
      "dev": true
    },
    "ignore": {
      "version": "3.3.3",
      "resolved": "https://registry.npmjs.org/ignore/-/ignore-3.3.3.tgz",
      "integrity": "sha1-QyNS5XrM2HqzEQ6C0/6g5HgSFW0=",
      "dev": true
    },
    "image-webpack-loader": {
      "version": "3.3.1",
      "resolved": "https://registry.npmjs.org/image-webpack-loader/-/image-webpack-loader-3.3.1.tgz",
      "integrity": "sha1-0tcr4CT4l15IyYTyQBwMSEiXy9M=",
      "dev": true
    },
    "imurmurhash": {
      "version": "0.1.4",
      "resolved": "https://registry.npmjs.org/imurmurhash/-/imurmurhash-0.1.4.tgz",
      "integrity": "sha1-khi5srkoojixPcT7a21XbyMUU+o=",
      "dev": true
    },
    "is-resolvable": {
      "version": "1.0.0",
      "resolved": "https://registry.npmjs.org/is-resolvable/-/is-resolvable-1.0.0.tgz",
      "integrity": "sha1-jfV8YeouPFAUCNEA+wE8+NbgzGI=",
      "dev": true
    },
    "json-schema-traverse": {
      "version": "0.3.1",
      "resolved": "https://registry.npmjs.org/json-schema-traverse/-/json-schema-traverse-0.3.1.tgz",
      "integrity": "sha1-NJptRMU6Ud6JtAgFxdXlm0F9M0A=",
      "dev": true
    },
    "json-stable-stringify-without-jsonify": {
      "version": "1.0.1",
      "resolved": "https://registry.npmjs.org/json-stable-stringify-without-jsonify/-/json-stable-stringify-without-jsonify-1.0.1.tgz",
      "integrity": "sha1-nbe1lJatPzz+8wp1FC0tkwrXJlE=",
      "dev": true
    },
    "levn": {
      "version": "0.3.0",
      "resolved": "https://registry.npmjs.org/levn/-/levn-0.3.0.tgz",
      "integrity": "sha1-OwmSTt+fCDwEkP3UwLxEIeBHZO4=",
      "dev": true
    },
    "lodash": {
      "version": "4.17.4",
      "resolved": "https://registry.npmjs.org/lodash/-/lodash-4.17.4.tgz",
      "integrity": "sha1-eCA6TRwyiuHYbcpkYONptX9AVa4=",
      "dev": true
    },
    "mimic-fn": {
      "version": "1.2.0",
      "resolved": "https://registry.npmjs.org/mimic-fn/-/mimic-fn-1.2.0.tgz",
      "integrity": "sha512-jf84uxzwiuiIVKiOLpfYk7N46TSy8ubTonmneY9vrpHNAnp0QBt2BxWV9dO3/j+BoVAb+a5G6YDPW3M5HOdMWQ==",
      "dev": true
    },
    "minimatch": {
      "version": "3.0.4",
      "resolved": "https://registry.npmjs.org/minimatch/-/minimatch-3.0.4.tgz",
      "integrity": "sha512-yJHVQEhyqPLUTgt9B83PXu6W3rx4MvvHvSUvToogpwoGDOUQ+yDrR0HRot+yOCdCO7u4hX3pWft6kWBBcqh0UA==",
      "dev": true
    },
    "mkdirp": {
      "version": "0.5.1",
      "resolved": "https://registry.npmjs.org/mkdirp/-/mkdirp-0.5.1.tgz",
      "integrity": "sha1-MAV0OOrGz3+MR2fzhkjWaX11yQM=",
      "dev": true
    },
    "natural-compare": {
      "version": "1.4.0",
      "resolved": "https://registry.npmjs.org/natural-compare/-/natural-compare-1.4.0.tgz",
      "integrity": "sha1-Sr6/7tdUHywnrPspvbvRXI1bpPc=",
      "dev": true
    },
    "node-sass": {
      "version": "4.5.3",
      "resolved": "https://registry.npmjs.org/node-sass/-/node-sass-4.5.3.tgz",
      "integrity": "sha1-0JydEXlkEjnRuX/8YjH9zsU+FWg=",
      "dev": true,
      "dependencies": {
        "cross-spawn": {
          "version": "3.0.1",
          "resolved": "https://registry.npmjs.org/cross-spawn/-/cross-spawn-3.0.1.tgz",
          "integrity": "sha1-ElYDfsufDF9549bvE14wdwGEuYI="
        }
      }
    },
    "normalize.css": {
      "version": "7.0.0",
      "resolved": "https://registry.npmjs.org/normalize.css/-/normalize.css-7.0.0.tgz",
      "integrity": "sha1-q/sd2CRwZ04DIrU86xqvQSk45L8="
    },
    "optionator": {
      "version": "0.8.2",
      "resolved": "https://registry.npmjs.org/optionator/-/optionator-0.8.2.tgz",
      "integrity": "sha1-NkxeQJ0/TWMB1sC0wFu6UBgK62Q=",
      "dev": true
    },
    "os-tmpdir": {
      "version": "1.0.2",
      "resolved": "https://registry.npmjs.org/os-tmpdir/-/os-tmpdir-1.0.2.tgz",
      "integrity": "sha1-u+Z0BseaqFxc/sdm/lc0VV36EnQ=",
      "dev": true
    },
    "path-is-inside": {
      "version": "1.0.2",
      "resolved": "https://registry.npmjs.org/path-is-inside/-/path-is-inside-1.0.2.tgz",
      "integrity": "sha1-NlQX3t5EQw0cEa9hAn+s8HS9/FM=",
      "dev": true
    },
    "postcss-loader": {
      "version": "2.0.5",
      "resolved": "https://registry.npmjs.org/postcss-loader/-/postcss-loader-2.0.5.tgz",
      "integrity": "sha1-wZ0+i4PrGsMW9WIe9MDvWz0bizo=",
      "dev": true
    },
    "prop-types": {
      "version": "15.5.10",
      "resolved": "https://registry.npmjs.org/prop-types/-/prop-types-15.5.10.tgz",
      "integrity": "sha1-J5ffwxJhguOpXj37suiT3ddFYVQ="
    },
    "react": {
      "version": "15.5.4",
      "resolved": "https://registry.npmjs.org/react/-/react-15.5.4.tgz",
      "integrity": "sha1-+oPrAVBqsjfNwcjDsc6o3gEr8Ec="
    },
    "react-dom": {
      "version": "15.5.4",
      "resolved": "https://registry.npmjs.org/react-dom/-/react-dom-15.5.4.tgz",
      "integrity": "sha1-ugwoeG/VLtfk8hNf4CiNRirvk9o="
    },
    "react-grid-system": {
      "version": "2.9.2",
      "resolved": "https://registry.npmjs.org/react-grid-system/-/react-grid-system-2.9.2.tgz",
      "integrity": "sha1-9FlCTcmgVvaXDkvCDWNWko7od9o=",
      "dependencies": {
        "prop-types": {
          "version": "15.5.8",
          "resolved": "https://registry.npmjs.org/prop-types/-/prop-types-15.5.8.tgz",
          "integrity": "sha1-a3suFBCDvjjIWVqlH8VXdccZk5Q="
        }
      }
    },
    "react-hot-loader": {
      "version": "3.0.0-beta.7",
      "resolved": "https://registry.npmjs.org/react-hot-loader/-/react-hot-loader-3.0.0-beta.7.tgz",
      "integrity": "sha1-1YR7gWXXMcTVsw2G1dRxYieg+oM=",
      "dev": true,
      "dependencies": {
        "source-map": {
          "version": "0.4.4",
          "resolved": "https://registry.npmjs.org/source-map/-/source-map-0.4.4.tgz",
          "integrity": "sha1-66T12pwNyZneaAMti092FzZSA2s="
        }
      }
    },
    "react-redux": {
      "version": "5.0.5",
      "resolved": "https://registry.npmjs.org/react-redux/-/react-redux-5.0.5.tgz",
      "integrity": "sha1-+OjHsjlCJXblLWt9sGQ5RpvphGo="
    },
    "react-router-dom": {
      "version": "4.1.1",
      "resolved": "https://registry.npmjs.org/react-router-dom/-/react-router-dom-4.1.1.tgz",
      "integrity": "sha1-MCGt4fLBYK+Xz5TiVZTF8pRYMCU="
    },
    "redux": {
      "version": "3.6.0",
      "resolved": "https://registry.npmjs.org/redux/-/redux-3.6.0.tgz",
      "integrity": "sha1-iHwrPQub2G7KK+cFccJ2VMGeGI0="
    },
    "redux-devtools-extension": {
      "version": "2.13.2",
      "resolved": "https://registry.npmjs.org/redux-devtools-extension/-/redux-devtools-extension-2.13.2.tgz",
      "integrity": "sha1-4Pmo6N/KfBe+kscSSVijuU6ykR0="
    },
    "require-uncached": {
      "version": "1.0.3",
      "resolved": "https://registry.npmjs.org/require-uncached/-/require-uncached-1.0.3.tgz",
      "integrity": "sha1-Tg1W1slmL9MeQwEcS5WqSZVUIdM=",
      "dev": true
    },
    "reselect": {
      "version": "3.0.1",
      "resolved": "https://registry.npmjs.org/reselect/-/reselect-3.0.1.tgz",
      "integrity": "sha1-79qpjqdFEyTQkrKyFjpqHXqaIUc="
    },
    "rimraf": {
      "version": "2.6.1",
      "resolved": "https://registry.npmjs.org/rimraf/-/rimraf-2.6.1.tgz",
      "integrity": "sha1-wjOOxkPfeht/5cVPqG9XQopV8z0=",
      "dev": true
    },
    "rx-lite": {
      "version": "3.1.2",
      "resolved": "https://registry.npmjs.org/rx-lite/-/rx-lite-3.1.2.tgz",
      "integrity": "sha1-Gc5QLKVyZl87ZHsQk5+X/RYV8QI=",
      "dev": true
    },
    "rx-lite-aggregates": {
      "version": "4.0.8",
      "resolved": "https://registry.npmjs.org/rx-lite-aggregates/-/rx-lite-aggregates-4.0.8.tgz",
      "integrity": "sha1-dTuHqJoRyVRnxKwWJsTvxOBcZ74=",
      "dev": true,
      "requires": {
        "rx-lite": "*"
      }
    },
    "sass-loader": {
      "version": "6.0.5",
      "resolved": "https://registry.npmjs.org/sass-loader/-/sass-loader-6.0.5.tgz",
      "integrity": "sha1-qEeRDzZEKqVsWYWHnVTrUZ4koyg=",
      "dev": true
    },
    "semver": {
      "version": "5.3.0",
      "resolved": "https://registry.npmjs.org/semver/-/semver-5.3.0.tgz",
      "integrity": "sha1-myzl094C0XxgEq0yaqa00M9U+U8=",
      "dev": true
    },
    "signal-exit": {
      "version": "3.0.2",
      "resolved": "https://registry.npmjs.org/signal-exit/-/signal-exit-3.0.2.tgz",
      "integrity": "sha1-tf3AjxKH6hF4Yo5BXiUTK3NkbG0=",
      "dev": true
    },
    "smoothscroll-polyfill": {
      "version": "0.3.5",
      "resolved": "https://registry.npmjs.org/smoothscroll-polyfill/-/smoothscroll-polyfill-0.3.5.tgz",
      "integrity": "sha1-Rm5gObUctSXXDhpQd++B4GRnjq4="
    },
    "strip-json-comments": {
      "version": "2.0.1",
      "resolved": "https://registry.npmjs.org/strip-json-comments/-/strip-json-comments-2.0.1.tgz",
      "integrity": "sha1-PFMZQukIwml8DsNEhYwobHygpgo=",
      "dev": true
    },
    "style-loader": {
      "version": "0.17.0",
      "resolved": "https://registry.npmjs.org/style-loader/-/style-loader-0.17.0.tgz",
      "integrity": "sha1-6CVLzNt690vVgnTjYQe01atN8xA=",
      "dev": true
    },
    "sw-precache-webpack-plugin": {
      "version": "0.11.3",
      "resolved": "https://registry.npmjs.org/sw-precache-webpack-plugin/-/sw-precache-webpack-plugin-0.11.3.tgz",
      "integrity": "sha1-S1MI6vZPivyLDpUopvUKj5zZ7aw=",
      "dev": true
    },
    "text-table": {
      "version": "0.2.0",
      "resolved": "https://registry.npmjs.org/text-table/-/text-table-0.2.0.tgz",
      "integrity": "sha1-f17oI66AUgfACvLfSoTsP8+lcLQ=",
      "dev": true
    },
    "through": {
      "version": "2.3.8",
      "resolved": "https://registry.npmjs.org/through/-/through-2.3.8.tgz",
      "integrity": "sha1-DdTJ/6q8NXlgsbckEV1+Doai4fU=",
      "dev": true
    },
    "tmp": {
      "version": "0.0.33",
      "resolved": "https://registry.npmjs.org/tmp/-/tmp-0.0.33.tgz",
      "integrity": "sha512-jRCJlojKnZ3addtTOjdIqoRuPEKBvNXcGYqzO6zWZX8KfKEpnGY5jfggJQ3EjKuu8D4bJRr0y+cYJFmYbImXGw==",
      "dev": true,
      "requires": {
        "os-tmpdir": "~1.0.2"
      }
    },
    "url-loader": {
      "version": "0.5.8",
      "resolved": "https://registry.npmjs.org/url-loader/-/url-loader-0.5.8.tgz",
      "integrity": "sha1-uRg7GAHg+EdxhnNnMEC8ncHHFcU=",
      "dev": true
    },
    "webpack": {
      "version": "2.6.1",
      "resolved": "https://registry.npmjs.org/webpack/-/webpack-2.6.1.tgz",
      "integrity": "sha1-LgRX8KuxrF3zqxBsacZy8jZ4Xwc=",
      "dev": true,
      "dependencies": {
        "camelcase": {
          "version": "1.2.1",
          "resolved": "https://registry.npmjs.org/camelcase/-/camelcase-1.2.1.tgz",
          "integrity": "sha1-m7UwTS4LVmmLLHWLCKPqqdqlijk="
        },
        "cliui": {
          "version": "2.1.0",
          "resolved": "https://registry.npmjs.org/cliui/-/cliui-2.1.0.tgz",
          "integrity": "sha1-S0dXYP+AJkx2LDoXGQMukcf+oNE="
        },
        "load-json-file": {
          "version": "1.1.0",
          "resolved": "https://registry.npmjs.org/load-json-file/-/load-json-file-1.1.0.tgz",
          "integrity": "sha1-lWkFcI1YtLq0wiYbBPWfMcmTdMA="
        },
        "loader-utils": {
          "version": "0.2.17",
          "resolved": "https://registry.npmjs.org/loader-utils/-/loader-utils-0.2.17.tgz",
          "integrity": "sha1-+G5jdNQyBabmxg6RlvF8Apm/s0g="
        },
        "path-type": {
          "version": "1.1.0",
          "resolved": "https://registry.npmjs.org/path-type/-/path-type-1.1.0.tgz",
          "integrity": "sha1-WcRPfuSR2nBNpBXaWkBwuk+P5EE="
        },
        "read-pkg": {
          "version": "1.1.0",
          "resolved": "https://registry.npmjs.org/read-pkg/-/read-pkg-1.1.0.tgz",
          "integrity": "sha1-9f+qXs0pyzHAR0vKfXVra7KePyg="
        },
        "read-pkg-up": {
          "version": "1.0.1",
          "resolved": "https://registry.npmjs.org/read-pkg-up/-/read-pkg-up-1.0.1.tgz",
          "integrity": "sha1-nWPBMnbAZZGNV/ACpX9AobZD+wI="
        },
        "source-list-map": {
          "version": "1.1.2",
          "resolved": "https://registry.npmjs.org/source-list-map/-/source-list-map-1.1.2.tgz",
          "integrity": "sha1-mIkBnRAkzOVc3AaUmDN+9hhqEaE="
        },
        "strip-bom": {
          "version": "2.0.0",
          "resolved": "https://registry.npmjs.org/strip-bom/-/strip-bom-2.0.0.tgz",
          "integrity": "sha1-YhmoVhZSBJHzV4i9vxRHqZx+aw4="
        },
        "uglify-js": {
          "version": "2.8.28",
          "resolved": "https://registry.npmjs.org/uglify-js/-/uglify-js-2.8.28.tgz",
          "integrity": "sha512-WqKNbmNJKzIdIEQu/U2ytgGBbhCy2PVks94GoetczOAJ/zCgVu2CuO7gguI5KPFGPtUtI1dmPQl6h0D4cPzypA==",
          "dependencies": {
            "yargs": {
              "version": "3.10.0",
              "resolved": "https://registry.npmjs.org/yargs/-/yargs-3.10.0.tgz",
              "integrity": "sha1-9+572FfdfB0tOMDnTvvWgdFDH9E="
            }
          }
        },
        "webpack-sources": {
          "version": "0.2.3",
          "resolved": "https://registry.npmjs.org/webpack-sources/-/webpack-sources-0.2.3.tgz",
          "integrity": "sha1-F8Yr+vE8cH+dAsR54Nzd6DgGl/s="
        },
        "wordwrap": {
          "version": "0.0.2",
          "resolved": "https://registry.npmjs.org/wordwrap/-/wordwrap-0.0.2.tgz",
          "integrity": "sha1-t5Zpu0LstAn4PVg8rVLKF+qhZD8="
        },
        "yargs": {
          "version": "6.6.0",
          "resolved": "https://registry.npmjs.org/yargs/-/yargs-6.6.0.tgz",
          "integrity": "sha1-eC7CHvQDNF+DCoCMo9UTr1YGUgg=",
          "dependencies": {
            "camelcase": {
              "version": "3.0.0",
              "resolved": "https://registry.npmjs.org/camelcase/-/camelcase-3.0.0.tgz",
              "integrity": "sha1-MvxLn82vhF/N9+c7uXysImHwqwo="
            },
            "cliui": {
              "version": "3.2.0",
              "resolved": "https://registry.npmjs.org/cliui/-/cliui-3.2.0.tgz",
              "integrity": "sha1-EgYBU3qRbSmUD5NNo7SNWFo5IT0="
            }
          }
        },
        "yargs-parser": {
          "version": "4.2.1",
          "resolved": "https://registry.npmjs.org/yargs-parser/-/yargs-parser-4.2.1.tgz",
          "integrity": "sha1-KczqwNxPA8bIe0qfIX3RjJ90hxw=",
          "dependencies": {
            "camelcase": {
              "version": "3.0.0",
              "resolved": "https://registry.npmjs.org/camelcase/-/camelcase-3.0.0.tgz",
              "integrity": "sha1-MvxLn82vhF/N9+c7uXysImHwqwo="
            }
          }
        }
      }
    },
    "webpack-dev-server": {
      "version": "2.4.5",
      "resolved": "https://registry.npmjs.org/webpack-dev-server/-/webpack-dev-server-2.4.5.tgz",
      "integrity": "sha1-MThM6BE2vhCAtLTN4OubkOVO5s8=",
      "dev": true,
      "dependencies": {
        "camelcase": {
          "version": "3.0.0",
          "resolved": "https://registry.npmjs.org/camelcase/-/camelcase-3.0.0.tgz",
          "integrity": "sha1-MvxLn82vhF/N9+c7uXysImHwqwo="
        },
        "load-json-file": {
          "version": "1.1.0",
          "resolved": "https://registry.npmjs.org/load-json-file/-/load-json-file-1.1.0.tgz",
          "integrity": "sha1-lWkFcI1YtLq0wiYbBPWfMcmTdMA="
        },
        "path-type": {
          "version": "1.1.0",
          "resolved": "https://registry.npmjs.org/path-type/-/path-type-1.1.0.tgz",
          "integrity": "sha1-WcRPfuSR2nBNpBXaWkBwuk+P5EE="
        },
        "read-pkg": {
          "version": "1.1.0",
          "resolved": "https://registry.npmjs.org/read-pkg/-/read-pkg-1.1.0.tgz",
          "integrity": "sha1-9f+qXs0pyzHAR0vKfXVra7KePyg="
        },
        "read-pkg-up": {
          "version": "1.0.1",
          "resolved": "https://registry.npmjs.org/read-pkg-up/-/read-pkg-up-1.0.1.tgz",
          "integrity": "sha1-nWPBMnbAZZGNV/ACpX9AobZD+wI="
        },
        "strip-bom": {
          "version": "2.0.0",
          "resolved": "https://registry.npmjs.org/strip-bom/-/strip-bom-2.0.0.tgz",
          "integrity": "sha1-YhmoVhZSBJHzV4i9vxRHqZx+aw4="
        },
        "yargs": {
          "version": "6.6.0",
          "resolved": "https://registry.npmjs.org/yargs/-/yargs-6.6.0.tgz",
          "integrity": "sha1-eC7CHvQDNF+DCoCMo9UTr1YGUgg="
        },
        "yargs-parser": {
          "version": "4.2.1",
          "resolved": "https://registry.npmjs.org/yargs-parser/-/yargs-parser-4.2.1.tgz",
          "integrity": "sha1-KczqwNxPA8bIe0qfIX3RjJ90hxw="
        }
      }
    }
  }
}
